PODS:
  - drawerbehavior (0.0.1):
    - Flutter
  - Flutter (1.0.0)
  - get_version (0.0.1):
    - Flutter
  - launch_review (0.0.1):
    - Flutter
  - package_info (0.0.1):
    - Flutter
  - share (0.5.2):
    - Flutter
  - shared_preferences (0.0.1):
    - Flutter
  - url_launcher (0.0.1):
    - Flutter

DEPENDENCIES:
  - drawerbehavior (from `.symlinks/plugins/drawerbehavior/ios`)
  - Flutter (from `.symlinks/flutter/ios`)
  - get_version (from `.symlinks/plugins/get_version/ios`)
  - launch_review (from `.symlinks/plugins/launch_review/ios`)
  - package_info (from `.symlinks/plugins/package_info/ios`)
  - share (from `.symlinks/plugins/share/ios`)
  - shared_preferences (from `.symlinks/plugins/shared_preferences/ios`)
  - url_launcher (from `.symlinks/plugins/url_launcher/ios`)

EXTERNAL SOURCES:
  drawerbehavior:
    :path: ".symlinks/plugins/drawerbehavior/ios"
  Flutter:
    :path: ".symlinks/flutter/ios"
  get_version:
    :path: ".symlinks/plugins/get_version/ios"
  launch_review:
    :path: ".symlinks/plugins/launch_review/ios"
  package_info:
    :path: ".symlinks/plugins/package_info/ios"
  share:
    :path: ".symlinks/plugins/share/ios"
  shared_preferences:
    :path: ".symlinks/plugins/shared_preferences/ios"
  url_launcher:
    :path: ".symlinks/plugins/url_launcher/ios"

SPEC CHECKSUMS:
  drawerbehavior: 688832bffec482cabacd8db3248ba582e1c2ea92
  Flutter: 0e3d915762c693b495b44d77113d4970485de6ec
  get_version: 2bc18c4e26a265571662cab5d38f8b50dc8c1c77
  launch_review: 75d5a956ba8eaa493e9c9d4bf4c05e505e8d5ed0
  package_info: 48b108e75b8802c2d5e126f208ef540561c98aef
  share: bae0a282aab4483288913fc4dc0b935d4b491f2e
  shared_preferences: 1feebfa37bb57264736e16865e7ffae7fc99b523
  url_launcher: a1c0cc845906122c4784c542523d8cacbded5626

PODFILE CHECKSUM: 6cbebfb399da02909d17086c52b400953dc5299e

COCOAPODS: 1.7.5
